
Microsoft Visual Studio Solution File, Format Version 12.00
# Visual Studio 15
VisualStudioVersion = 15.0.28307.421
MinimumVisualStudioVersion = 10.0.40219.1
Project("{FAE04EC0-301F-11D3-BF4B-00C04F79EFBC}") = "FlatClock", "FlatClock\FlatClock.csproj", "{60FEB8DC-5A49-49D8-9F42-EC925A6559D4}"
EndProject
Global
	GlobalSection(SolutionConfigurationPlatforms) = preSolution
		Debug|Any CPU = Debug|Any CPU
		Release|Any CPU = Release|Any CPU
	EndGlobalSection
	GlobalSection(ProjectConfigurationPlatforms) = postSolution
		{60FEB8DC-5A49-49D8-9F42-EC925A6559D4}.Debug|Any CPU.ActiveCfg = Debug|Any CPU
		{60FEB8DC-5A49-49D8-9F42-EC925A6559D4}.Debug|Any CPU.Build.0 = Debug|Any CPU
		{60FEB8DC-5A49-49D8-9F42-EC925A6559D4}.Release|Any CPU.ActiveCfg = Release|Any CPU
		{60FEB8DC-5A49-49D8-9F42-EC925A6559D4}.Release|Any CPU.Build.0 = Release|Any CPU
	EndGlobalSection
	GlobalSection(SolutionProperties) = preSolution
		HideSolutionNode = FALSE
	EndGlobalSection
	GlobalSection(ExtensibilityGlobals) = postSolution
		SolutionGuid = {BA497E7E-A8BA-49E3-806B-427A53BC5D69}
	EndGlobalSection
EndGlobal
